{
  "requires": true,
  "lockfileVersion": 1,
  "dependencies": {
    "flow-bin": {
      "version": "0.109.0",
      "resolved": "https://registry.npmjs.org/flow-bin/-/flow-bin-0.109.0.tgz",
      "integrity": "sha512-tpcMTpAGIRivYhFV3KJq+zHI2HzcXo8MoGe9pXS4G/UZuey2Faq/e8/gdph2WF0erRlML5hmwfwiq7v9c25c7w=="
    }
  }
}
